
Microsoft Visual Studio Solution File, Format Version 12.00
# Visual Studio Version 16
VisualStudioVersion = 16.0.34031.81
MinimumVisualStudioVersion = 10.0.40219.1
Project("{8BC9CEB8-8B4A-11D0-8D11-00A0C91BC942}") = "heapSort", "heapSort\heapSort.vcxproj", "{78F4C161-D548-421A-8A82-D494B0D4AACB}"
EndProject
Global
	GlobalSection(SolutionConfigurationPlatforms) = preSolution
		Debug|x64 = Debug|x64
		Debug|x86 = Debug|x86
		Release|x64 = Release|x64
		Release|x86 = Release|x86
	EndGlobalSection
	GlobalSection(ProjectConfigurationPlatforms) = postSolution
		{78F4C161-D548-421A-8A82-D494B0D4AACB}.Debug|x64.ActiveCfg = Debug|x64
		{78F4C161-D548-421A-8A82-D494B0D4AACB}.Debug|x64.Build.0 = Debug|x64
		{78F4C161-D548-421A-8A82-D494B0D4AACB}.Debug|x86.ActiveCfg = Debug|Win32
		{78F4C161-D548-421A-8A82-D494B0D4AACB}.Debug|x86.Build.0 = Debug|Win32
		{78F4C161-D548-421A-8A82-D494B0D4AACB}.Release|x64.ActiveCfg = Release|x64
		{78F4C161-D548-421A-8A82-D494B0D4AACB}.Release|x64.Build.0 = Release|x64
		{78F4C161-D548-421A-8A82-D494B0D4AACB}.Release|x86.ActiveCfg = Release|Win32
		{78F4C161-D548-421A-8A82-D494B0D4AACB}.Release|x86.Build.0 = Release|Win32
	EndGlobalSection
	GlobalSection(SolutionProperties) = preSolution
		HideSolutionNode = FALSE
	EndGlobalSection
	GlobalSection(ExtensibilityGlobals) = postSolution
		SolutionGuid = {F2BC1C21-8B59-4F53-BF9E-B260BD38ACDA}
	EndGlobalSection
EndGlobal
